
Microsoft Visual Studio Solution File, Format Version 12.00
# Visual Studio Version 16
VisualStudioVersion = 16.0.30804.86
MinimumVisualStudioVersion = 10.0.40219.1
Project("{FAE04EC0-301F-11D3-BF4B-00C04F79EFBC}") = "Soguba Farms Website take 2", "Soguba Farms Website take 2\Soguba Farms Website take 2.csproj", "{FA8904B3-CE98-4C91-A9DE-5715CFC93D1B}"
EndProject
Global
	GlobalSection(SolutionConfigurationPlatforms) = preSolution
		Debug|Any CPU = Debug|Any CPU
		Release|Any CPU = Release|Any CPU
	EndGlobalSection
	GlobalSection(ProjectConfigurationPlatforms) = postSolution
		{FA8904B3-CE98-4C91-A9DE-5715CFC93D1B}.Debug|Any CPU.ActiveCfg = Debug|Any CPU
		{FA8904B3-CE98-4C91-A9DE-5715CFC93D1B}.Debug|Any CPU.Build.0 = Debug|Any CPU
		{FA8904B3-CE98-4C91-A9DE-5715CFC93D1B}.Release|Any CPU.ActiveCfg = Release|Any CPU
		{FA8904B3-CE98-4C91-A9DE-5715CFC93D1B}.Release|Any CPU.Build.0 = Release|Any CPU
	EndGlobalSection
	GlobalSection(SolutionProperties) = preSolution
		HideSolutionNode = FALSE
	EndGlobalSection
	GlobalSection(ExtensibilityGlobals) = postSolution
		SolutionGuid = {6CB9C915-CF18-47C8-89AC-93FE721511C4}
	EndGlobalSection
EndGlobal
